
Microsoft Visual Studio Solution File, Format Version 12.00
# Visual Studio Version 17
VisualStudioVersion = 17.6.33815.320
MinimumVisualStudioVersion = 10.0.40219.1
Project("{2150E333-8FDC-42A3-9474-1A3956D46DE8}") = "Tests", "Tests", "{8F448DF9-DE18-4810-8545-96DFE17D5C39}"
EndProject
Project("{FAE04EC0-301F-11D3-BF4B-00C04F79EFBC}") = "OpenSim.Framework.Tests", "Tests\OpenSim.Framework.Tests\OpenSim.Framework.Tests.csproj", "{3B850422-D5E2-4C10-BC5A-EC3C94598106}"
EndProject
Project("{2150E333-8FDC-42A3-9474-1A3956D46DE8}") = "Source", "Source", "{02C09046-CFF3-40BA-9E3F-629241EB25A5}"
EndProject
Project("{FAE04EC0-301F-11D3-BF4B-00C04F79EFBC}") = "OpenSim.Capabilities", "Source\OpenSim.Capabilities\OpenSim.Capabilities.csproj", "{FF56527B-0000-0000-0000-000000000000}"
EndProject
Project("{FAE04EC0-301F-11D3-BF4B-00C04F79EFBC}") = "OpenSim.Capabilities.Handlers", "Source\OpenSim.Capabilities.Handlers\OpenSim.Capabilities.Handlers.csproj", "{002BDDF6-0000-0000-0000-000000000000}"
EndProject
Project("{FAE04EC0-301F-11D3-BF4B-00C04F79EFBC}") = "OpenSim.ConsoleClient", "Source\OpenSim.ConsoleClient\OpenSim.ConsoleClient.csproj", "{CB348113-0000-0000-0000-000000000000}"
EndProject
Project("{FAE04EC0-301F-11D3-BF4B-00C04F79EFBC}") = "OpenSim.Data", "Source\OpenSim.Data\OpenSim.Data.csproj", "{7E218E2D-0000-0000-0000-000000000000}"
EndProject
Project("{FAE04EC0-301F-11D3-BF4B-00C04F79EFBC}") = "OpenSim.Data.MySQL", "Source\OpenSim.Data.MySQL\OpenSim.Data.MySQL.csproj", "{1E894ECD-0000-0000-0000-000000000000}"
EndProject
Project("{FAE04EC0-301F-11D3-BF4B-00C04F79EFBC}") = "OpenSim.Framework", "Source\OpenSim.Framework\OpenSim.Framework.csproj", "{BCCDBB55-0000-0000-0000-000000000000}"
EndProject
Project("{FAE04EC0-301F-11D3-BF4B-00C04F79EFBC}") = "OpenSim.Framework.AssetLoader.Filesystem", "Source\OpenSim.Framework.AssetLoader.Filesystem\OpenSim.Framework.AssetLoader.Filesystem.csproj", "{384A4FAB-0000-0000-0000-000000000000}"
EndProject
Project("{FAE04EC0-301F-11D3-BF4B-00C04F79EFBC}") = "OpenSim.Framework.Console", "Source\OpenSim.Framework.Console\OpenSim.Framework.Console.csproj", "{0ED8EBE8-0000-0000-0000-000000000000}"
EndProject
Project("{FAE04EC0-301F-11D3-BF4B-00C04F79EFBC}") = "OpenSim.Framework.Monitoring", "Source\OpenSim.Framework.Monitoring\OpenSim.Framework.Monitoring.csproj", "{69AB1BC7-0000-0000-0000-000000000000}"
EndProject
Project("{FAE04EC0-301F-11D3-BF4B-00C04F79EFBC}") = "OpenSim.Framework.Serialization", "Source\OpenSim.Framework.Serialization\OpenSim.Framework.Serialization.csproj", "{BD63E665-0000-0000-0000-000000000000}"
EndProject
Project("{FAE04EC0-301F-11D3-BF4B-00C04F79EFBC}") = "OpenSim.Framework.Servers", "Source\OpenSim.Framework.Servers\OpenSim.Framework.Servers.csproj", "{726D540D-0000-0000-0000-000000000000}"
EndProject
Project("{FAE04EC0-301F-11D3-BF4B-00C04F79EFBC}") = "OpenSim.Framework.Servers.HttpServer", "Source\OpenSim.Framework.Servers.HttpServer\OpenSim.Framework.Servers.HttpServer.csproj", "{159EC5C2-0000-0000-0000-000000000000}"
EndProject
Project("{FAE04EC0-301F-11D3-BF4B-00C04F79EFBC}") = "OpenSim.Region.ScriptEngine.Shared", "Source\OpenSim.Region.ScriptEngine.Shared\OpenSim.Region.ScriptEngine.Shared.csproj", "{F93F91AD-0000-0000-0000-000000000000}"
EndProject
Project("{FAE04EC0-301F-11D3-BF4B-00C04F79EFBC}") = "OpenSim.Region.ScriptEngine.YEngine", "Source\OpenSim.Region.ScriptEngine.YEngine\OpenSim.Region.ScriptEngine.YEngine.csproj", "{798B4867-0000-0000-0000-000000000000}"
EndProject
Project("{FAE04EC0-301F-11D3-BF4B-00C04F79EFBC}") = "OpenSim.Server.Base", "Source\OpenSim.Server.Base\OpenSim.Server.Base.csproj", "{2E0569BB-0000-0000-0000-000000000000}"
EndProject
Project("{FAE04EC0-301F-11D3-BF4B-00C04F79EFBC}") = "OpenSim.Server.Handlers", "Source\OpenSim.Server.Handlers\OpenSim.Server.Handlers.csproj", "{ED041501-0000-0000-0000-000000000000}"
EndProject
Project("{FAE04EC0-301F-11D3-BF4B-00C04F79EFBC}") = "OpenSim.Server.GridServer", "Source\OpenSim.Server.GridServer\OpenSim.Server.GridServer.csproj", "{6E64F01D-0000-0000-0000-000000000000}"
EndProject
Project("{FAE04EC0-301F-11D3-BF4B-00C04F79EFBC}") = "OpenSim.Server.MoneyServer", "Source\OpenSim.Server.MoneyServer\OpenSim.Server.MoneyServer.csproj", "{C3AEE6AC-BE40-4003-A7A3-E8AA039E4451}"
EndProject
Project("{FAE04EC0-301F-11D3-BF4B-00C04F79EFBC}") = "OpenSim.Server.RegionServer", "Source\OpenSim.Server.RegionServer\OpenSim.Server.RegionServer.csproj", "{03E1D988-8F42-44E2-B42A-6952090AEC88}"
EndProject
Project("{FAE04EC0-301F-11D3-BF4B-00C04F79EFBC}") = "OpenSim.Server.Common", "Source\OpenSim.Server.Common\OpenSim.Server.Common.csproj", "{14B10CB1-EE07-438B-B9C9-E7C241579269}"
EndProject
Project("{FAE04EC0-301F-11D3-BF4B-00C04F79EFBC}") = "OpenSim.Services", "Source\OpenSim.Services\OpenSim.Services.csproj", "{0882C4EB-72A6-468F-98A4-283E51C297C3}"
EndProject
Project("{FAE04EC0-301F-11D3-BF4B-00C04F79EFBC}") = "OpenSim.Services.Interfaces", "Source\OpenSim.Services.Interfaces\OpenSim.Services.Interfaces.csproj", "{6515DCE2-15C0-4FAF-BA7C-6863B4DB696A}"
EndProject
Project("{FAE04EC0-301F-11D3-BF4B-00C04F79EFBC}") = "OpenSim.Data.Model", "Source\OpenSim.Data.Model\OpenSim.Data.Model.csproj", "{39D8B47B-C213-41C6-9E5D-D09AB7E89AB0}"
EndProject
Global
	GlobalSection(SolutionConfigurationPlatforms) = preSolution
		Debug|Any CPU = Debug|Any CPU
		Release|Any CPU = Release|Any CPU
	EndGlobalSection
	GlobalSection(ProjectConfigurationPlatforms) = postSolution
		{3B850422-D5E2-4C10-BC5A-EC3C94598106}.Debug|Any CPU.ActiveCfg = Debug|Any CPU
		{3B850422-D5E2-4C10-BC5A-EC3C94598106}.Debug|Any CPU.Build.0 = Debug|Any CPU
		{3B850422-D5E2-4C10-BC5A-EC3C94598106}.Release|Any CPU.ActiveCfg = Release|Any CPU
		{3B850422-D5E2-4C10-BC5A-EC3C94598106}.Release|Any CPU.Build.0 = Release|Any CPU
		{FF56527B-0000-0000-0000-000000000000}.Debug|Any CPU.ActiveCfg = Debug|Any CPU
		{FF56527B-0000-0000-0000-000000000000}.Debug|Any CPU.Build.0 = Debug|Any CPU
		{FF56527B-0000-0000-0000-000000000000}.Release|Any CPU.ActiveCfg = Release|Any CPU
		{FF56527B-0000-0000-0000-000000000000}.Release|Any CPU.Build.0 = Release|Any CPU
		{002BDDF6-0000-0000-0000-000000000000}.Debug|Any CPU.ActiveCfg = Debug|Any CPU
		{002BDDF6-0000-0000-0000-000000000000}.Debug|Any CPU.Build.0 = Debug|Any CPU
		{002BDDF6-0000-0000-0000-000000000000}.Release|Any CPU.ActiveCfg = Release|Any CPU
		{002BDDF6-0000-0000-0000-000000000000}.Release|Any CPU.Build.0 = Release|Any CPU
		{CB348113-0000-0000-0000-000000000000}.Debug|Any CPU.ActiveCfg = Debug|Any CPU
		{CB348113-0000-0000-0000-000000000000}.Debug|Any CPU.Build.0 = Debug|Any CPU
		{CB348113-0000-0000-0000-000000000000}.Release|Any CPU.ActiveCfg = Release|Any CPU
		{CB348113-0000-0000-0000-000000000000}.Release|Any CPU.Build.0 = Release|Any CPU
		{7E218E2D-0000-0000-0000-000000000000}.Debug|Any CPU.ActiveCfg = Debug|Any CPU
		{7E218E2D-0000-0000-0000-000000000000}.Debug|Any CPU.Build.0 = Debug|Any CPU
		{7E218E2D-0000-0000-0000-000000000000}.Release|Any CPU.ActiveCfg = Release|Any CPU
		{7E218E2D-0000-0000-0000-000000000000}.Release|Any CPU.Build.0 = Release|Any CPU
		{1E894ECD-0000-0000-0000-000000000000}.Debug|Any CPU.ActiveCfg = Debug|Any CPU
		{1E894ECD-0000-0000-0000-000000000000}.Debug|Any CPU.Build.0 = Debug|Any CPU
		{1E894ECD-0000-0000-0000-000000000000}.Release|Any CPU.ActiveCfg = Release|Any CPU
		{1E894ECD-0000-0000-0000-000000000000}.Release|Any CPU.Build.0 = Release|Any CPU
		{BCCDBB55-0000-0000-0000-000000000000}.Debug|Any CPU.ActiveCfg = Debug|Any CPU
		{BCCDBB55-0000-0000-0000-000000000000}.Debug|Any CPU.Build.0 = Debug|Any CPU
		{BCCDBB55-0000-0000-0000-000000000000}.Release|Any CPU.ActiveCfg = Release|Any CPU
		{BCCDBB55-0000-0000-0000-000000000000}.Release|Any CPU.Build.0 = Release|Any CPU
		{384A4FAB-0000-0000-0000-000000000000}.Debug|Any CPU.ActiveCfg = Debug|Any CPU
		{384A4FAB-0000-0000-0000-000000000000}.Debug|Any CPU.Build.0 = Debug|Any CPU
		{384A4FAB-0000-0000-0000-000000000000}.Release|Any CPU.ActiveCfg = Release|Any CPU
		{384A4FAB-0000-0000-0000-000000000000}.Release|Any CPU.Build.0 = Release|Any CPU
		{0ED8EBE8-0000-0000-0000-000000000000}.Debug|Any CPU.ActiveCfg = Debug|Any CPU
		{0ED8EBE8-0000-0000-0000-000000000000}.Debug|Any CPU.Build.0 = Debug|Any CPU
		{0ED8EBE8-0000-0000-0000-000000000000}.Release|Any CPU.ActiveCfg = Release|Any CPU
		{0ED8EBE8-0000-0000-0000-000000000000}.Release|Any CPU.Build.0 = Release|Any CPU
		{69AB1BC7-0000-0000-0000-000000000000}.Debug|Any CPU.ActiveCfg = Debug|Any CPU
		{69AB1BC7-0000-0000-0000-000000000000}.Debug|Any CPU.Build.0 = Debug|Any CPU
		{69AB1BC7-0000-0000-0000-000000000000}.Release|Any CPU.ActiveCfg = Release|Any CPU
		{69AB1BC7-0000-0000-0000-000000000000}.Release|Any CPU.Build.0 = Release|Any CPU
		{BD63E665-0000-0000-0000-000000000000}.Debug|Any CPU.ActiveCfg = Debug|Any CPU
		{BD63E665-0000-0000-0000-000000000000}.Debug|Any CPU.Build.0 = Debug|Any CPU
		{BD63E665-0000-0000-0000-000000000000}.Release|Any CPU.ActiveCfg = Release|Any CPU
		{BD63E665-0000-0000-0000-000000000000}.Release|Any CPU.Build.0 = Release|Any CPU
		{726D540D-0000-0000-0000-000000000000}.Debug|Any CPU.ActiveCfg = Debug|Any CPU
		{726D540D-0000-0000-0000-000000000000}.Debug|Any CPU.Build.0 = Debug|Any CPU
		{726D540D-0000-0000-0000-000000000000}.Release|Any CPU.ActiveCfg = Release|Any CPU
		{726D540D-0000-0000-0000-000000000000}.Release|Any CPU.Build.0 = Release|Any CPU
		{159EC5C2-0000-0000-0000-000000000000}.Debug|Any CPU.ActiveCfg = Debug|Any CPU
		{159EC5C2-0000-0000-0000-000000000000}.Debug|Any CPU.Build.0 = Debug|Any CPU
		{159EC5C2-0000-0000-0000-000000000000}.Release|Any CPU.ActiveCfg = Release|Any CPU
		{159EC5C2-0000-0000-0000-000000000000}.Release|Any CPU.Build.0 = Release|Any CPU
		{F93F91AD-0000-0000-0000-000000000000}.Debug|Any CPU.ActiveCfg = Debug|Any CPU
		{F93F91AD-0000-0000-0000-000000000000}.Debug|Any CPU.Build.0 = Debug|Any CPU
		{F93F91AD-0000-0000-0000-000000000000}.Release|Any CPU.ActiveCfg = Release|Any CPU
		{F93F91AD-0000-0000-0000-000000000000}.Release|Any CPU.Build.0 = Release|Any CPU
		{798B4867-0000-0000-0000-000000000000}.Debug|Any CPU.ActiveCfg = Debug|Any CPU
		{798B4867-0000-0000-0000-000000000000}.Debug|Any CPU.Build.0 = Debug|Any CPU
		{798B4867-0000-0000-0000-000000000000}.Release|Any CPU.ActiveCfg = Release|Any CPU
		{798B4867-0000-0000-0000-000000000000}.Release|Any CPU.Build.0 = Release|Any CPU
		{2E0569BB-0000-0000-0000-000000000000}.Debug|Any CPU.ActiveCfg = Debug|Any CPU
		{2E0569BB-0000-0000-0000-000000000000}.Debug|Any CPU.Build.0 = Debug|Any CPU
		{2E0569BB-0000-0000-0000-000000000000}.Release|Any CPU.ActiveCfg = Release|Any CPU
		{2E0569BB-0000-0000-0000-000000000000}.Release|Any CPU.Build.0 = Release|Any CPU
		{ED041501-0000-0000-0000-000000000000}.Debug|Any CPU.ActiveCfg = Debug|Any CPU
		{ED041501-0000-0000-0000-000000000000}.Debug|Any CPU.Build.0 = Debug|Any CPU
		{ED041501-0000-0000-0000-000000000000}.Release|Any CPU.ActiveCfg = Release|Any CPU
		{ED041501-0000-0000-0000-000000000000}.Release|Any CPU.Build.0 = Release|Any CPU
		{6E64F01D-0000-0000-0000-000000000000}.Debug|Any CPU.ActiveCfg = Debug|Any CPU
		{6E64F01D-0000-0000-0000-000000000000}.Debug|Any CPU.Build.0 = Debug|Any CPU
		{6E64F01D-0000-0000-0000-000000000000}.Release|Any CPU.ActiveCfg = Release|Any CPU
		{6E64F01D-0000-0000-0000-000000000000}.Release|Any CPU.Build.0 = Release|Any CPU
		{C3AEE6AC-BE40-4003-A7A3-E8AA039E4451}.Debug|Any CPU.ActiveCfg = Debug|Any CPU
		{C3AEE6AC-BE40-4003-A7A3-E8AA039E4451}.Debug|Any CPU.Build.0 = Debug|Any CPU
		{C3AEE6AC-BE40-4003-A7A3-E8AA039E4451}.Release|Any CPU.ActiveCfg = Release|Any CPU
		{C3AEE6AC-BE40-4003-A7A3-E8AA039E4451}.Release|Any CPU.Build.0 = Release|Any CPU
		{03E1D988-8F42-44E2-B42A-6952090AEC88}.Debug|Any CPU.ActiveCfg = Debug|Any CPU
		{03E1D988-8F42-44E2-B42A-6952090AEC88}.Debug|Any CPU.Build.0 = Debug|Any CPU
		{03E1D988-8F42-44E2-B42A-6952090AEC88}.Release|Any CPU.ActiveCfg = Release|Any CPU
		{03E1D988-8F42-44E2-B42A-6952090AEC88}.Release|Any CPU.Build.0 = Release|Any CPU
		{14B10CB1-EE07-438B-B9C9-E7C241579269}.Debug|Any CPU.ActiveCfg = Debug|Any CPU
		{14B10CB1-EE07-438B-B9C9-E7C241579269}.Debug|Any CPU.Build.0 = Debug|Any CPU
		{14B10CB1-EE07-438B-B9C9-E7C241579269}.Release|Any CPU.ActiveCfg = Release|Any CPU
		{14B10CB1-EE07-438B-B9C9-E7C241579269}.Release|Any CPU.Build.0 = Release|Any CPU
		{0882C4EB-72A6-468F-98A4-283E51C297C3}.Debug|Any CPU.ActiveCfg = Debug|Any CPU
		{0882C4EB-72A6-468F-98A4-283E51C297C3}.Debug|Any CPU.Build.0 = Debug|Any CPU
		{0882C4EB-72A6-468F-98A4-283E51C297C3}.Release|Any CPU.ActiveCfg = Release|Any CPU
		{0882C4EB-72A6-468F-98A4-283E51C297C3}.Release|Any CPU.Build.0 = Release|Any CPU
		{6515DCE2-15C0-4FAF-BA7C-6863B4DB696A}.Debug|Any CPU.ActiveCfg = Debug|Any CPU
		{6515DCE2-15C0-4FAF-BA7C-6863B4DB696A}.Debug|Any CPU.Build.0 = Debug|Any CPU
		{6515DCE2-15C0-4FAF-BA7C-6863B4DB696A}.Release|Any CPU.ActiveCfg = Release|Any CPU
		{6515DCE2-15C0-4FAF-BA7C-6863B4DB696A}.Release|Any CPU.Build.0 = Release|Any CPU
		{39D8B47B-C213-41C6-9E5D-D09AB7E89AB0}.Debug|Any CPU.ActiveCfg = Debug|Any CPU
		{39D8B47B-C213-41C6-9E5D-D09AB7E89AB0}.Debug|Any CPU.Build.0 = Debug|Any CPU
		{39D8B47B-C213-41C6-9E5D-D09AB7E89AB0}.Release|Any CPU.ActiveCfg = Release|Any CPU
		{39D8B47B-C213-41C6-9E5D-D09AB7E89AB0}.Release|Any CPU.Build.0 = Release|Any CPU
	EndGlobalSection
	GlobalSection(SolutionProperties) = preSolution
		HideSolutionNode = FALSE
	EndGlobalSection
	GlobalSection(NestedProjects) = preSolution
		{3B850422-D5E2-4C10-BC5A-EC3C94598106} = {8F448DF9-DE18-4810-8545-96DFE17D5C39}
		{FF56527B-0000-0000-0000-000000000000} = {02C09046-CFF3-40BA-9E3F-629241EB25A5}
		{002BDDF6-0000-0000-0000-000000000000} = {02C09046-CFF3-40BA-9E3F-629241EB25A5}
		{CB348113-0000-0000-0000-000000000000} = {02C09046-CFF3-40BA-9E3F-629241EB25A5}
		{7E218E2D-0000-0000-0000-000000000000} = {02C09046-CFF3-40BA-9E3F-629241EB25A5}
		{1E894ECD-0000-0000-0000-000000000000} = {02C09046-CFF3-40BA-9E3F-629241EB25A5}
		{BCCDBB55-0000-0000-0000-000000000000} = {02C09046-CFF3-40BA-9E3F-629241EB25A5}
		{384A4FAB-0000-0000-0000-000000000000} = {02C09046-CFF3-40BA-9E3F-629241EB25A5}
		{0ED8EBE8-0000-0000-0000-000000000000} = {02C09046-CFF3-40BA-9E3F-629241EB25A5}
		{69AB1BC7-0000-0000-0000-000000000000} = {02C09046-CFF3-40BA-9E3F-629241EB25A5}
		{BD63E665-0000-0000-0000-000000000000} = {02C09046-CFF3-40BA-9E3F-629241EB25A5}
		{726D540D-0000-0000-0000-000000000000} = {02C09046-CFF3-40BA-9E3F-629241EB25A5}
		{159EC5C2-0000-0000-0000-000000000000} = {02C09046-CFF3-40BA-9E3F-629241EB25A5}
		{F93F91AD-0000-0000-0000-000000000000} = {02C09046-CFF3-40BA-9E3F-629241EB25A5}
		{798B4867-0000-0000-0000-000000000000} = {02C09046-CFF3-40BA-9E3F-629241EB25A5}
		{2E0569BB-0000-0000-0000-000000000000} = {02C09046-CFF3-40BA-9E3F-629241EB25A5}
		{ED041501-0000-0000-0000-000000000000} = {02C09046-CFF3-40BA-9E3F-629241EB25A5}
		{6E64F01D-0000-0000-0000-000000000000} = {02C09046-CFF3-40BA-9E3F-629241EB25A5}
		{C3AEE6AC-BE40-4003-A7A3-E8AA039E4451} = {02C09046-CFF3-40BA-9E3F-629241EB25A5}
		{03E1D988-8F42-44E2-B42A-6952090AEC88} = {02C09046-CFF3-40BA-9E3F-629241EB25A5}
		{14B10CB1-EE07-438B-B9C9-E7C241579269} = {02C09046-CFF3-40BA-9E3F-629241EB25A5}
		{0882C4EB-72A6-468F-98A4-283E51C297C3} = {02C09046-CFF3-40BA-9E3F-629241EB25A5}
		{6515DCE2-15C0-4FAF-BA7C-6863B4DB696A} = {02C09046-CFF3-40BA-9E3F-629241EB25A5}
		{39D8B47B-C213-41C6-9E5D-D09AB7E89AB0} = {02C09046-CFF3-40BA-9E3F-629241EB25A5}
	EndGlobalSection
	GlobalSection(ExtensibilityGlobals) = postSolution
		SolutionGuid = {A40AD54B-8BC7-41E4-B241-19B59EA65D2A}
	EndGlobalSection
EndGlobal
